%{
  "bandit": {:git, "https://github.com/mtrudel/bandit.git", "5879549e6adefd762b6a58affc7bc643e57c28c9", [tag: "1.6.7"]},
  "cc_precompiler": {:git, "https://github.com/cocoa-xu/cc_precompiler.git", "6c02cc1a59ba7e98570c5cbf08d4c7c47a083927", [tag: "v0.1.9"]},
  "db_connection": {:git, "https://github.com/elixir-ecto/db_connection.git", "a5e19282c7fbda4754c40f271ada352dd9675762", [tag: "v2.7.0"]},
  "decimal": {:git, "https://github.com/ericmj/decimal.git", "592d59ac4474933f91cdc3e8e037f137f7e008b0", [tag: "v2.3.0"]},
  "ecto": {:git, "https://github.com/elixir-ecto/ecto.git", "18288287f18ce205b03b3b3dc8cb80f0f1b06dbe", [tag: "v3.12.5"]},
  "ecto_sql": {:git, "https://github.com/elixir-ecto/ecto_sql.git", "df6732a7f5fcd50aa2ddc6a09b2526038c763105", [tag: "v3.12.1"]},
  "ecto_sqlite3": {:git, "https://github.com/elixir-sqlite/ecto_sqlite3.git", "ebfab792bfd8e07b0dec0a65ade8b7ee3c67bfa4", [tag: "v0.17.5"]},
  "elixir_make": {:git, "https://github.com/elixir-lang/elixir_make.git", "12f5bcd40a7b87d00d67185d5af3b6f0496abd54", [tag: "v0.9.0"]},
  "exqlite": {:git, "https://github.com/elixir-sqlite/exqlite.git", "173b494630fafb8ad3e1409b8fbc2d3d35b2612e", [tag: "v0.24.2"]},
  "hpax": {:git, "https://github.com/elixir-mint/hpax.git", "773d3a0bb65ceb72c0e134ca898ae423bc351805", [tag: "v1.0.2"]},
  "jason": {:git, "https://github.com/michalmuskala/jason.git", "926d2ac6cc0271b9a7079b2ec16ae0cf802f7963", [tag: "v1.4.4"]},
  "libgraph": {:git, "https://github.com/bitwalker/libgraph.git", "0d2e8cb741eec5b4f3fefbca373689dd203b4b93", [tag: "0.13.3"]},
  "mime": {:git, "https://github.com/elixir-plug/mime.git", "30db90a63ca14732f9c6b9d733c89cd161451b15", [tag: "v2.0.6"]},
  "nimble_parsec": {:git, "https://github.com/dashbitco/nimble_parsec.git", "e20b0b366463695bff1040120700efdd8d31ae05", [tag: "v1.4.2"]},
  "plug": {:git, "https://github.com/elixir-plug/plug.git", "cc535b13c5569f199dbde5ca5c030eb8a6d61e8b", [tag: "v1.16.1"]},
  "plug_crypto": {:git, "https://github.com/elixir-plug/plug_crypto.git", "70af9d89e6bcb6fa7c47d42ef608e5c76a50d7ff", [tag: "v2.1.1"]},
  "propcheck": {:git, "https://github.com/alfert/propcheck.git", "8a4bd2d5913338c75317a11691e71fc21a0d055a", [tag: "v1.4.2"]},
  "proper": {:git, "https://github.com/proper-testing/proper.git", "a5ae5669f01143b0828fc21667d4f5e344aa760b", [ref: "a5ae5669f01143b0828fc21667d4f5e344aa760b"]},
  "stream_data": {:git, "https://github.com/whatyouhide/stream_data.git", "028e21fd2cd6935da9cc541c51848b8be45409ba", [tag: "v1.1.2"]},
  "telemetry": {:git, "https://github.com/beam-telemetry/telemetry.git", "8d8af76720856bcf26641ee1307658ad8f25e466", [tag: "v1.3.0"]},
  "thousand_island": {:git, "https://github.com/mtrudel/thousand_island.git", "1c236c724f2fdc85d29f5aef338e2f4cb527e2af", [tag: "1.3.9"]},
  "websock": {:git, "https://github.com/phoenixframework/websock.git", "095d3ae68f6288c6b7b7fef1a844f843898684a5", [tag: "0.5.3"]},
}
